
Microsoft Visual Studio Solution File, Format Version 12.00
# Visual Studio 15
VisualStudioVersion = 15.0.28307.271
MinimumVisualStudioVersion = 10.0.40219.1
Project("{9A19103F-16F7-4668-BE54-9A1E7A4F7556}") = "StoreWithSpecials", "StoreWithSpecials\StoreWithSpecials.csproj", "{7615328E-AC40-46A5-B217-5F754EF954F0}"
EndProject
Project("{9A19103F-16F7-4668-BE54-9A1E7A4F7556}") = "StoreWithSpecialsTests", "StoreWithSpecialsTests\StoreWithSpecialsTests.csproj", "{26D0F7A4-09DD-4C0B-82A6-C8E11C1E2DD3}"
EndProject
Global
	GlobalSection(SolutionConfigurationPlatforms) = preSolution
		Debug|Any CPU = Debug|Any CPU
		Release|Any CPU = Release|Any CPU
	EndGlobalSection
	GlobalSection(ProjectConfigurationPlatforms) = postSolution
		{7615328E-AC40-46A5-B217-5F754EF954F0}.Debug|Any CPU.ActiveCfg = Debug|Any CPU
		{7615328E-AC40-46A5-B217-5F754EF954F0}.Debug|Any CPU.Build.0 = Debug|Any CPU
		{7615328E-AC40-46A5-B217-5F754EF954F0}.Release|Any CPU.ActiveCfg = Release|Any CPU
		{7615328E-AC40-46A5-B217-5F754EF954F0}.Release|Any CPU.Build.0 = Release|Any CPU
		{26D0F7A4-09DD-4C0B-82A6-C8E11C1E2DD3}.Debug|Any CPU.ActiveCfg = Debug|Any CPU
		{26D0F7A4-09DD-4C0B-82A6-C8E11C1E2DD3}.Debug|Any CPU.Build.0 = Debug|Any CPU
		{26D0F7A4-09DD-4C0B-82A6-C8E11C1E2DD3}.Release|Any CPU.ActiveCfg = Release|Any CPU
		{26D0F7A4-09DD-4C0B-82A6-C8E11C1E2DD3}.Release|Any CPU.Build.0 = Release|Any CPU
	EndGlobalSection
	GlobalSection(SolutionProperties) = preSolution
		HideSolutionNode = FALSE
	EndGlobalSection
	GlobalSection(ExtensibilityGlobals) = postSolution
		SolutionGuid = {6E77AF3C-AC07-43E0-8D3C-C943FFB77CDD}
	EndGlobalSection
EndGlobal
